
Microsoft Visual Studio Solution File, Format Version 12.00
# Visual Studio Version 16
VisualStudioVersion = 16.0.29411.108
MinimumVisualStudioVersion = 10.0.40219.1
Project("{FAE04EC0-301F-11D3-BF4B-00C04F79EFBC}") = "PostsTest", "PostsTest\PostsTest.csproj", "{C98C0707-50BC-48AE-AAF9-9039CBFB3156}"
EndProject
Global
	GlobalSection(SolutionConfigurationPlatforms) = preSolution
		Debug|Any CPU = Debug|Any CPU
		Release|Any CPU = Release|Any CPU
	EndGlobalSection
	GlobalSection(ProjectConfigurationPlatforms) = postSolution
		{C98C0707-50BC-48AE-AAF9-9039CBFB3156}.Debug|Any CPU.ActiveCfg = Debug|Any CPU
		{C98C0707-50BC-48AE-AAF9-9039CBFB3156}.Debug|Any CPU.Build.0 = Debug|Any CPU
		{C98C0707-50BC-48AE-AAF9-9039CBFB3156}.Release|Any CPU.ActiveCfg = Release|Any CPU
		{C98C0707-50BC-48AE-AAF9-9039CBFB3156}.Release|Any CPU.Build.0 = Release|Any CPU
	EndGlobalSection
	GlobalSection(SolutionProperties) = preSolution
		HideSolutionNode = FALSE
	EndGlobalSection
	GlobalSection(ExtensibilityGlobals) = postSolution
		SolutionGuid = {ECB5B6BD-8635-4D5C-974C-8E08FADA6AF9}
	EndGlobalSection
EndGlobal
